// !$*UTF8*$!
{
	archiveVersion = 1;
	classes = {
	};
	objectVersion = 56;
	objects = {

/* Begin PBXBuildFile section */
		0008C0E12952010600766998 /* StudentProfile.swift in Sources */ = {isa = PBXBuildFile; fileRef = 0008C0E02952010600766998 /* StudentProfile.swift */; };
		0038679C29503BA6009979FC /* NotificationsRowView.swift in Sources */ = {isa = PBXBuildFile; fileRef = 0038679B29503BA6009979FC /* NotificationsRowView.swift */; };
		0038679F29503BB8009979FC /* NotificationsRowViewModel.swift in Sources */ = {isa = PBXBuildFile; fileRef = 0038679E29503BB8009979FC /* NotificationsRowViewModel.swift */; };
		003867A129503BC4009979FC /* Notification.swift in Sources */ = {isa = PBXBuildFile; fileRef = 003867A029503BC4009979FC /* Notification.swift */; };
		00684189294DCA8E00271CC8 /* NewsRowView.swift in Sources */ = {isa = PBXBuildFile; fileRef = 00684188294DCA8E00271CC8 /* NewsRowView.swift */; };
		0068418B294DCAB100271CC8 /* NewsRowViewModel.swift in Sources */ = {isa = PBXBuildFile; fileRef = 0068418A294DCAB100271CC8 /* NewsRowViewModel.swift */; };
		0068418D294DCAF000271CC8 /* News.swift in Sources */ = {isa = PBXBuildFile; fileRef = 0068418C294DCAF000271CC8 /* News.swift */; };
		00684190294F123600271CC8 /* Attendance.swift in Sources */ = {isa = PBXBuildFile; fileRef = 0068418F294F123600271CC8 /* Attendance.swift */; };
		00684192294F12F100271CC8 /* AttendanceRowView.swift in Sources */ = {isa = PBXBuildFile; fileRef = 00684191294F12F100271CC8 /* AttendanceRowView.swift */; };
		00684194294F131F00271CC8 /* AttendanceRowViewModel.swift in Sources */ = {isa = PBXBuildFile; fileRef = 00684193294F131F00271CC8 /* AttendanceRowViewModel.swift */; };
		00684197294F3F8400271CC8 /* JournalRowView.swift in Sources */ = {isa = PBXBuildFile; fileRef = 00684196294F3F8400271CC8 /* JournalRowView.swift */; };
		00684199294F3FCC00271CC8 /* JournalRowViewModel.swift in Sources */ = {isa = PBXBuildFile; fileRef = 00684198294F3FCC00271CC8 /* JournalRowViewModel.swift */; };
		0068419B294F400200271CC8 /* Journal.swift in Sources */ = {isa = PBXBuildFile; fileRef = 0068419A294F400200271CC8 /* Journal.swift */; };
		0068419E294F590700271CC8 /* ScheduleRowView.swift in Sources */ = {isa = PBXBuildFile; fileRef = 0068419D294F590700271CC8 /* ScheduleRowView.swift */; };
		006841A2294F592700271CC8 /* ScheduleRowViewModel.swift in Sources */ = {isa = PBXBuildFile; fileRef = 006841A1294F592700271CC8 /* ScheduleRowViewModel.swift */; };
		006841A4294F594100271CC8 /* Schedule.swift in Sources */ = {isa = PBXBuildFile; fileRef = 006841A3294F594100271CC8 /* Schedule.swift */; };
		01F706D4FAD9AC11BF109F3F /* AttendanceAssembly.swift in Sources */ = {isa = PBXBuildFile; fileRef = 077F8CF23AC4AE9B3AE962BA /* AttendanceAssembly.swift */; };
		0DB8EB2C7DABB11663E96B99 /* JournalViewModel.swift in Sources */ = {isa = PBXBuildFile; fileRef = 2D12129AE7B37006EDAA8772 /* JournalViewModel.swift */; };
		10FFF44817589D2BDC37EC2C /* AttendanceModuleInput.swift in Sources */ = {isa = PBXBuildFile; fileRef = BA02D55DAF06251884391D79 /* AttendanceModuleInput.swift */; };
		1570E04E104C277D6721B161 /* JournalView.swift in Sources */ = {isa = PBXBuildFile; fileRef = FC1A785E2E5FF12F0D941055 /* JournalView.swift */; };
		203DC670B170C58CC06D9B00 /* ScheduleView.swift in Sources */ = {isa = PBXBuildFile; fileRef = BF3A056BCDA67BD181B4F110 /* ScheduleView.swift */; };
		20EC917E069A0C8738B3DAFB /* NewsAssembly.swift in Sources */ = {isa = PBXBuildFile; fileRef = EB99034ADB58DEA58831F19C /* NewsAssembly.swift */; };
		211D87AEFE2AB4438705486D /* ScheduleModuleInput.swift in Sources */ = {isa = PBXBuildFile; fileRef = 8967556E321EC766E75F57B4 /* ScheduleModuleInput.swift */; };
		30F4E9B3698F2EAD907FD6F1 /* JournalHostingController.swift in Sources */ = {isa = PBXBuildFile; fileRef = 645FD24AF65744AFE3C0FF58 /* JournalHostingController.swift */; };
		34D86D121370360E7F2DB132 /* ProfileAssembly.swift in Sources */ = {isa = PBXBuildFile; fileRef = 741B09F701396DA22057B424 /* ProfileAssembly.swift */; };
		412C908DF2668A24D47CD1EE /* NewsHostingController.swift in Sources */ = {isa = PBXBuildFile; fileRef = 2B003EE052170217602F01EB /* NewsHostingController.swift */; };
		47F67045F024B1C674E3771B /* AttendanceHostingController.swift in Sources */ = {isa = PBXBuildFile; fileRef = E4E1C325B7DD99EEAD622FF9 /* AttendanceHostingController.swift */; };
		5C678CE87012D95CBAFCE270 /* NotificationsViewModel.swift in Sources */ = {isa = PBXBuildFile; fileRef = 20423FBA960F5A7AB0DBB844 /* NotificationsViewModel.swift */; };
		61647403601518CA8918CEF5 /* ProfileModuleInput.swift in Sources */ = {isa = PBXBuildFile; fileRef = 9F0B6718B1A5AAA377C6A257 /* ProfileModuleInput.swift */; };
		79F25870E696FDDD14FF2E59 /* ScheduleHostingController.swift in Sources */ = {isa = PBXBuildFile; fileRef = 494BEA04A647C6F55B18AA6B /* ScheduleHostingController.swift */; };
		88C49F1C68E46AA53CAB5063 /* ScheduleAssembly.swift in Sources */ = {isa = PBXBuildFile; fileRef = 2506E375DA7CFCEF898F6FE4 /* ScheduleAssembly.swift */; };
		9A7199847A6CD5538EAD07C0 /* ProfileViewModel.swift in Sources */ = {isa = PBXBuildFile; fileRef = 317EE05FE64383160D4B5281 /* ProfileViewModel.swift */; };
		A00EE2E36EBD676E85C866EE /* NotificationsAssembly.swift in Sources */ = {isa = PBXBuildFile; fileRef = B9DCA30BDE3B2BF805BC8F12 /* NotificationsAssembly.swift */; };
		A424D375578329D73CCF19E4 /* NotificationsView.swift in Sources */ = {isa = PBXBuildFile; fileRef = C805EC31C4BE208211B4D349 /* NotificationsView.swift */; };
		A8E6307E89D43B8FAC3B2EA2 /* ProfileView.swift in Sources */ = {isa = PBXBuildFile; fileRef = A49CD15F118A73E5C684C60F /* ProfileView.swift */; };
		AE981A226917BCB18977E7DA /* AttendanceView.swift in Sources */ = {isa = PBXBuildFile; fileRef = DD012FE22A295F1F0A54637C /* AttendanceView.swift */; };
		B294808B8769AA6C67E3F990 /* AttendanceViewModel.swift in Sources */ = {isa = PBXBuildFile; fileRef = C79C027FACB409AC0B06482F /* AttendanceViewModel.swift */; };
		B78809B2B14220296DF6013E /* NotificationsModuleInput.swift in Sources */ = {isa = PBXBuildFile; fileRef = C4FA3536A20F6E8D01D35687 /* NotificationsModuleInput.swift */; };
		C21FBC5429465C2D00663614 /* SettingsSwitchRow.swift in Sources */ = {isa = PBXBuildFile; fileRef = C21FBC5329465C2D00663614 /* SettingsSwitchRow.swift */; };
		C25E2BFA29461C9C00EB46B9 /* NavigationView+Extension.swift in Sources */ = {isa = PBXBuildFile; fileRef = C25E2BF929461C9C00EB46B9 /* NavigationView+Extension.swift */; };
		C25E2BFC29461DEB00EB46B9 /* TabBarController.swift in Sources */ = {isa = PBXBuildFile; fileRef = C25E2BFB29461DEB00EB46B9 /* TabBarController.swift */; };
		C25E2BFE29461F2100EB46B9 /* AppConfigurationInputModel.swift in Sources */ = {isa = PBXBuildFile; fileRef = C25E2BFD29461F2100EB46B9 /* AppConfigurationInputModel.swift */; };
		C25E2C0B294639CA00EB46B9 /* SettingsListRow.swift in Sources */ = {isa = PBXBuildFile; fileRef = C25E2C0A294639CA00EB46B9 /* SettingsListRow.swift */; };
		C2856B092946660F00B01EF7 /* UserDefaultNames.swift in Sources */ = {isa = PBXBuildFile; fileRef = C2856B082946660F00B01EF7 /* UserDefaultNames.swift */; };
		C2F008E8293DF9FD0009AF1D /* AppDelegate.swift in Sources */ = {isa = PBXBuildFile; fileRef = C2F008E7293DF9FD0009AF1D /* AppDelegate.swift */; };
		C2F008EA293DF9FD0009AF1D /* SceneDelegate.swift in Sources */ = {isa = PBXBuildFile; fileRef = C2F008E9293DF9FD0009AF1D /* SceneDelegate.swift */; };
		C2F008F1293DFA000009AF1D /* Assets.xcassets in Resources */ = {isa = PBXBuildFile; fileRef = C2F008F0293DFA000009AF1D /* Assets.xcassets */; };
		C49C01F025566D988C731631 /* JournalModuleInput.swift in Sources */ = {isa = PBXBuildFile; fileRef = FCD494006FBD8B6156C9BB31 /* JournalModuleInput.swift */; };
		C832092BADBA993EA720A9A8 /* ProfileHostingController.swift in Sources */ = {isa = PBXBuildFile; fileRef = ADB1741925BEAD8F1D4F829B /* ProfileHostingController.swift */; };
		CB5D61301E7B30B6E3881A60 /* Pods_KBTU_WSP.framework in Frameworks */ = {isa = PBXBuildFile; fileRef = 519C3F7DEC341F43783AD8FE /* Pods_KBTU_WSP.framework */; };
		EB2EF02F8F00D8D57E3CC3DE /* ScheduleViewModel.swift in Sources */ = {isa = PBXBuildFile; fileRef = D0D317FB62D3B669BA36CB61 /* ScheduleViewModel.swift */; };
		F0063736B2DB62CF1B7ACB4E /* NotificationsHostingController.swift in Sources */ = {isa = PBXBuildFile; fileRef = 7E1D16635AA98C05C5347C2C /* NotificationsHostingController.swift */; };
		F096E2612D9D4132512255D0 /* NewsViewModel.swift in Sources */ = {isa = PBXBuildFile; fileRef = 873AD3D4FFB8076F10030985 /* NewsViewModel.swift */; };
		F4805F7DDD4CAE4035AF57E0 /* NewsView.swift in Sources */ = {isa = PBXBuildFile; fileRef = 74C1F47C3FEA37B6F0F6D1D1 /* NewsView.swift */; };
		F5DAC5B50ED77C901A646971 /* NewsModuleInput.swift in Sources */ = {isa = PBXBuildFile; fileRef = 9816A60CCABE6A6BEB639543 /* NewsModuleInput.swift */; };
		F9384605C52ED426942609BC /* JournalAssembly.swift in Sources */ = {isa = PBXBuildFile; fileRef = F7BCE30F182F296EB8BF3A48 /* JournalAssembly.swift */; };
/* End PBXBuildFile section */

/* Begin PBXFileReference section */
		0008C0E02952010600766998 /* StudentProfile.swift */ = {isa = PBXFileReference; lastKnownFileType = sourcecode.swift; path = StudentProfile.swift; sourceTree = "<group>"; };
		0038679B29503BA6009979FC /* NotificationsRowView.swift */ = {isa = PBXFileReference; lastKnownFileType = sourcecode.swift; path = NotificationsRowView.swift; sourceTree = "<group>"; };
		0038679E29503BB8009979FC /* NotificationsRowViewModel.swift */ = {isa = PBXFileReference; lastKnownFileType = sourcecode.swift; path = NotificationsRowViewModel.swift; sourceTree = "<group>"; };
		003867A029503BC4009979FC /* Notification.swift */ = {isa = PBXFileReference; lastKnownFileType = sourcecode.swift; path = Notification.swift; sourceTree = "<group>"; };
		00684188294DCA8E00271CC8 /* NewsRowView.swift */ = {isa = PBXFileReference; lastKnownFileType = sourcecode.swift; path = NewsRowView.swift; sourceTree = "<group>"; };
		0068418A294DCAB100271CC8 /* NewsRowViewModel.swift */ = {isa = PBXFileReference; lastKnownFileType = sourcecode.swift; path = NewsRowViewModel.swift; sourceTree = "<group>"; };
		0068418C294DCAF000271CC8 /* News.swift */ = {isa = PBXFileReference; lastKnownFileType = sourcecode.swift; path = News.swift; sourceTree = "<group>"; };
		0068418F294F123600271CC8 /* Attendance.swift */ = {isa = PBXFileReference; lastKnownFileType = sourcecode.swift; path = Attendance.swift; sourceTree = "<group>"; };
		00684191294F12F100271CC8 /* AttendanceRowView.swift */ = {isa = PBXFileReference; lastKnownFileType = sourcecode.swift; path = AttendanceRowView.swift; sourceTree = "<group>"; };
		00684193294F131F00271CC8 /* AttendanceRowViewModel.swift */ = {isa = PBXFileReference; lastKnownFileType = sourcecode.swift; path = AttendanceRowViewModel.swift; sourceTree = "<group>"; };
		00684196294F3F8400271CC8 /* JournalRowView.swift */ = {isa = PBXFileReference; lastKnownFileType = sourcecode.swift; path = JournalRowView.swift; sourceTree = "<group>"; };
		00684198294F3FCC00271CC8 /* JournalRowViewModel.swift */ = {isa = PBXFileReference; lastKnownFileType = sourcecode.swift; path = JournalRowViewModel.swift; sourceTree = "<group>"; };
		0068419A294F400200271CC8 /* Journal.swift */ = {isa = PBXFileReference; lastKnownFileType = sourcecode.swift; path = Journal.swift; sourceTree = "<group>"; };
		0068419D294F590700271CC8 /* ScheduleRowView.swift */ = {isa = PBXFileReference; lastKnownFileType = sourcecode.swift; path = ScheduleRowView.swift; sourceTree = "<group>"; };
		006841A1294F592700271CC8 /* ScheduleRowViewModel.swift */ = {isa = PBXFileReference; lastKnownFileType = sourcecode.swift; path = ScheduleRowViewModel.swift; sourceTree = "<group>"; };
		006841A3294F594100271CC8 /* Schedule.swift */ = {isa = PBXFileReference; lastKnownFileType = sourcecode.swift; path = Schedule.swift; sourceTree = "<group>"; };
		077F8CF23AC4AE9B3AE962BA /* AttendanceAssembly.swift */ = {isa = PBXFileReference; includeInIndex = 1; lastKnownFileType = sourcecode.swift; path = AttendanceAssembly.swift; sourceTree = "<group>"; };
		20423FBA960F5A7AB0DBB844 /* NotificationsViewModel.swift */ = {isa = PBXFileReference; includeInIndex = 1; lastKnownFileType = sourcecode.swift; path = NotificationsViewModel.swift; sourceTree = "<group>"; };
		2506E375DA7CFCEF898F6FE4 /* ScheduleAssembly.swift */ = {isa = PBXFileReference; includeInIndex = 1; lastKnownFileType = sourcecode.swift; path = ScheduleAssembly.swift; sourceTree = "<group>"; };
		2B003EE052170217602F01EB /* NewsHostingController.swift */ = {isa = PBXFileReference; includeInIndex = 1; lastKnownFileType = sourcecode.swift; path = NewsHostingController.swift; sourceTree = "<group>"; };
		2D12129AE7B37006EDAA8772 /* JournalViewModel.swift */ = {isa = PBXFileReference; includeInIndex = 1; lastKnownFileType = sourcecode.swift; path = JournalViewModel.swift; sourceTree = "<group>"; };
		317EE05FE64383160D4B5281 /* ProfileViewModel.swift */ = {isa = PBXFileReference; includeInIndex = 1; lastKnownFileType = sourcecode.swift; path = ProfileViewModel.swift; sourceTree = "<group>"; };
		494BEA04A647C6F55B18AA6B /* ScheduleHostingController.swift */ = {isa = PBXFileReference; includeInIndex = 1; lastKnownFileType = sourcecode.swift; path = ScheduleHostingController.swift; sourceTree = "<group>"; };
		519C3F7DEC341F43783AD8FE /* Pods_KBTU_WSP.framework */ = {isa = PBXFileReference; explicitFileType = wrapper.framework; includeInIndex = 0; path = Pods_KBTU_WSP.framework; sourceTree = BUILT_PRODUCTS_DIR; };
		645FD24AF65744AFE3C0FF58 /* JournalHostingController.swift */ = {isa = PBXFileReference; includeInIndex = 1; lastKnownFileType = sourcecode.swift; path = JournalHostingController.swift; sourceTree = "<group>"; };
		741B09F701396DA22057B424 /* ProfileAssembly.swift */ = {isa = PBXFileReference; includeInIndex = 1; lastKnownFileType = sourcecode.swift; path = ProfileAssembly.swift; sourceTree = "<group>"; };
		74C1F47C3FEA37B6F0F6D1D1 /* NewsView.swift */ = {isa = PBXFileReference; includeInIndex = 1; lastKnownFileType = sourcecode.swift; path = NewsView.swift; sourceTree = "<group>"; };
		7E1D16635AA98C05C5347C2C /* NotificationsHostingController.swift */ = {isa = PBXFileReference; includeInIndex = 1; lastKnownFileType = sourcecode.swift; path = NotificationsHostingController.swift; sourceTree = "<group>"; };
		873AD3D4FFB8076F10030985 /* NewsViewModel.swift */ = {isa = PBXFileReference; includeInIndex = 1; lastKnownFileType = sourcecode.swift; path = NewsViewModel.swift; sourceTree = "<group>"; };
		8967556E321EC766E75F57B4 /* ScheduleModuleInput.swift */ = {isa = PBXFileReference; includeInIndex = 1; lastKnownFileType = sourcecode.swift; path = ScheduleModuleInput.swift; sourceTree = "<group>"; };
		9816A60CCABE6A6BEB639543 /* NewsModuleInput.swift */ = {isa = PBXFileReference; includeInIndex = 1; lastKnownFileType = sourcecode.swift; path = NewsModuleInput.swift; sourceTree = "<group>"; };
		9F0B6718B1A5AAA377C6A257 /* ProfileModuleInput.swift */ = {isa = PBXFileReference; includeInIndex = 1; lastKnownFileType = sourcecode.swift; path = ProfileModuleInput.swift; sourceTree = "<group>"; };
		A49CD15F118A73E5C684C60F /* ProfileView.swift */ = {isa = PBXFileReference; includeInIndex = 1; lastKnownFileType = sourcecode.swift; path = ProfileView.swift; sourceTree = "<group>"; };
		ADB1741925BEAD8F1D4F829B /* ProfileHostingController.swift */ = {isa = PBXFileReference; includeInIndex = 1; lastKnownFileType = sourcecode.swift; path = ProfileHostingController.swift; sourceTree = "<group>"; };
		B2CA412AC221F364A3C2EB58 /* Pods-KBTU WSP.debug.xcconfig */ = {isa = PBXFileReference; includeInIndex = 1; lastKnownFileType = text.xcconfig; name = "Pods-KBTU WSP.debug.xcconfig"; path = "Target Support Files/Pods-KBTU WSP/Pods-KBTU WSP.debug.xcconfig"; sourceTree = "<group>"; };
		B9DCA30BDE3B2BF805BC8F12 /* NotificationsAssembly.swift */ = {isa = PBXFileReference; includeInIndex = 1; lastKnownFileType = sourcecode.swift; path = NotificationsAssembly.swift; sourceTree = "<group>"; };
		BA02D55DAF06251884391D79 /* AttendanceModuleInput.swift */ = {isa = PBXFileReference; includeInIndex = 1; lastKnownFileType = sourcecode.swift; path = AttendanceModuleInput.swift; sourceTree = "<group>"; };
		BF3A056BCDA67BD181B4F110 /* ScheduleView.swift */ = {isa = PBXFileReference; includeInIndex = 1; lastKnownFileType = sourcecode.swift; path = ScheduleView.swift; sourceTree = "<group>"; };
		C21FBC5329465C2D00663614 /* SettingsSwitchRow.swift */ = {isa = PBXFileReference; lastKnownFileType = sourcecode.swift; path = SettingsSwitchRow.swift; sourceTree = "<group>"; };
		C25E2BF929461C9C00EB46B9 /* NavigationView+Extension.swift */ = {isa = PBXFileReference; lastKnownFileType = sourcecode.swift; path = "NavigationView+Extension.swift"; sourceTree = "<group>"; };
		C25E2BFB29461DEB00EB46B9 /* TabBarController.swift */ = {isa = PBXFileReference; lastKnownFileType = sourcecode.swift; path = TabBarController.swift; sourceTree = "<group>"; };
		C25E2BFD29461F2100EB46B9 /* AppConfigurationInputModel.swift */ = {isa = PBXFileReference; lastKnownFileType = sourcecode.swift; path = AppConfigurationInputModel.swift; sourceTree = "<group>"; };
		C25E2C0A294639CA00EB46B9 /* SettingsListRow.swift */ = {isa = PBXFileReference; lastKnownFileType = sourcecode.swift; path = SettingsListRow.swift; sourceTree = "<group>"; };
		C2856B082946660F00B01EF7 /* UserDefaultNames.swift */ = {isa = PBXFileReference; lastKnownFileType = sourcecode.swift; path = UserDefaultNames.swift; sourceTree = "<group>"; };
		C2F008E4293DF9FD0009AF1D /* KBTU WSP.app */ = {isa = PBXFileReference; explicitFileType = wrapper.application; includeInIndex = 0; path = "KBTU WSP.app"; sourceTree = BUILT_PRODUCTS_DIR; };
		C2F008E7293DF9FD0009AF1D /* AppDelegate.swift */ = {isa = PBXFileReference; lastKnownFileType = sourcecode.swift; path = AppDelegate.swift; sourceTree = "<group>"; };
		C2F008E9293DF9FD0009AF1D /* SceneDelegate.swift */ = {isa = PBXFileReference; lastKnownFileType = sourcecode.swift; path = SceneDelegate.swift; sourceTree = "<group>"; };
		C2F008F0293DFA000009AF1D /* Assets.xcassets */ = {isa = PBXFileReference; lastKnownFileType = folder.assetcatalog; path = Assets.xcassets; sourceTree = "<group>"; };
		C2F008F5293DFA000009AF1D /* Info.plist */ = {isa = PBXFileReference; lastKnownFileType = text.plist.xml; path = Info.plist; sourceTree = "<group>"; };
		C4FA3536A20F6E8D01D35687 /* NotificationsModuleInput.swift */ = {isa = PBXFileReference; includeInIndex = 1; lastKnownFileType = sourcecode.swift; path = NotificationsModuleInput.swift; sourceTree = "<group>"; };
		C79C027FACB409AC0B06482F /* AttendanceViewModel.swift */ = {isa = PBXFileReference; includeInIndex = 1; lastKnownFileType = sourcecode.swift; path = AttendanceViewModel.swift; sourceTree = "<group>"; };
		C805EC31C4BE208211B4D349 /* NotificationsView.swift */ = {isa = PBXFileReference; includeInIndex = 1; lastKnownFileType = sourcecode.swift; path = NotificationsView.swift; sourceTree = "<group>"; };
		D0D317FB62D3B669BA36CB61 /* ScheduleViewModel.swift */ = {isa = PBXFileReference; includeInIndex = 1; lastKnownFileType = sourcecode.swift; path = ScheduleViewModel.swift; sourceTree = "<group>"; };
		D924D1490B2F9F36C26B5ED5 /* Pods-KBTU WSP.release.xcconfig */ = {isa = PBXFileReference; includeInIndex = 1; lastKnownFileType = text.xcconfig; name = "Pods-KBTU WSP.release.xcconfig"; path = "Target Support Files/Pods-KBTU WSP/Pods-KBTU WSP.release.xcconfig"; sourceTree = "<group>"; };
		DD012FE22A295F1F0A54637C /* AttendanceView.swift */ = {isa = PBXFileReference; includeInIndex = 1; lastKnownFileType = sourcecode.swift; path = AttendanceView.swift; sourceTree = "<group>"; };
		E4E1C325B7DD99EEAD622FF9 /* AttendanceHostingController.swift */ = {isa = PBXFileReference; includeInIndex = 1; lastKnownFileType = sourcecode.swift; path = AttendanceHostingController.swift; sourceTree = "<group>"; };
		EB99034ADB58DEA58831F19C /* NewsAssembly.swift */ = {isa = PBXFileReference; includeInIndex = 1; lastKnownFileType = sourcecode.swift; path = NewsAssembly.swift; sourceTree = "<group>"; };
		F7BCE30F182F296EB8BF3A48 /* JournalAssembly.swift */ = {isa = PBXFileReference; includeInIndex = 1; lastKnownFileType = sourcecode.swift; path = JournalAssembly.swift; sourceTree = "<group>"; };
		FC1A785E2E5FF12F0D941055 /* JournalView.swift */ = {isa = PBXFileReference; includeInIndex = 1; lastKnownFileType = sourcecode.swift; path = JournalView.swift; sourceTree = "<group>"; };
		FCD494006FBD8B6156C9BB31 /* JournalModuleInput.swift */ = {isa = PBXFileReference; includeInIndex = 1; lastKnownFileType = sourcecode.swift; path = JournalModuleInput.swift; sourceTree = "<group>"; };
/* End PBXFileReference section */

/* Begin PBXFrameworksBuildPhase section */
		C2F008E1293DF9FD0009AF1D /* Frameworks */ = {
			isa = PBXFrameworksBuildPhase;
			buildActionMask = 2147483647;
			files = (
				CB5D61301E7B30B6E3881A60 /* Pods_KBTU_WSP.framework in Frameworks */,
			);
			runOnlyForDeploymentPostprocessing = 0;
		};
/* End PBXFrameworksBuildPhase section */

/* Begin PBXGroup section */
		00684195294F3E7900271CC8 /* Models */ = {
			isa = PBXGroup;
			children = (
				0068418F294F123600271CC8 /* Attendance.swift */,
				0068419A294F400200271CC8 /* Journal.swift */,
				0068418C294DCAF000271CC8 /* News.swift */,
				003867A029503BC4009979FC /* Notification.swift */,
				006841A3294F594100271CC8 /* Schedule.swift */,
				0008C0E02952010600766998 /* StudentProfile.swift */,
			);
			path = Models;
			sourceTree = "<group>";
		};
		0A573CF0E732C43C7547D190 /* View */ = {
			isa = PBXGroup;
			children = (
				C25E2C02294634EF00EB46B9 /* Subviews */,
				A49CD15F118A73E5C684C60F /* ProfileView.swift */,
				ADB1741925BEAD8F1D4F829B /* ProfileHostingController.swift */,
			);
			path = View;
			sourceTree = "<group>";
		};
		0FBFF1E0327011BFDABC111F /* ViewModel */ = {
			isa = PBXGroup;
			children = (
				FCD494006FBD8B6156C9BB31 /* JournalModuleInput.swift */,
				00684198294F3FCC00271CC8 /* JournalRowViewModel.swift */,
				2D12129AE7B37006EDAA8772 /* JournalViewModel.swift */,
			);
			path = ViewModel;
			sourceTree = "<group>";
		};
		152F937994DE0004CB227FFD /* News */ = {
			isa = PBXGroup;
			children = (
				89E551831A88CC5A689D2402 /* Assembly */,
				A4B65B8F091437CDEDF2E5B2 /* View */,
				4E2C7CBF13692427396DBC9F /* ViewModel */,
			);
			path = News;
			sourceTree = "<group>";
		};
		1881D676C14D08FD19016B58 /* Pods */ = {
			isa = PBXGroup;
			children = (
				B2CA412AC221F364A3C2EB58 /* Pods-KBTU WSP.debug.xcconfig */,
				D924D1490B2F9F36C26B5ED5 /* Pods-KBTU WSP.release.xcconfig */,
			);
			path = Pods;
			sourceTree = "<group>";
		};
		18CF73764F2178D29031B248 /* Assembly */ = {
			isa = PBXGroup;
			children = (
				2506E375DA7CFCEF898F6FE4 /* ScheduleAssembly.swift */,
			);
			path = Assembly;
			sourceTree = "<group>";
		};
		227EE7A829C5ACC40CB53BA0 /* Assembly */ = {
			isa = PBXGroup;
			children = (
				F7BCE30F182F296EB8BF3A48 /* JournalAssembly.swift */,
			);
			path = Assembly;
			sourceTree = "<group>";
		};
		242B9EC511B8F3510ADB28BC /* Frameworks */ = {
			isa = PBXGroup;
			children = (
				519C3F7DEC341F43783AD8FE /* Pods_KBTU_WSP.framework */,
			);
			name = Frameworks;
			sourceTree = "<group>";
		};
		4D198184088034F57AF79A74 /* Assembly */ = {
			isa = PBXGroup;
			children = (
				B9DCA30BDE3B2BF805BC8F12 /* NotificationsAssembly.swift */,
			);
			path = Assembly;
			sourceTree = "<group>";
		};
		4E2C7CBF13692427396DBC9F /* ViewModel */ = {
			isa = PBXGroup;
			children = (
				9816A60CCABE6A6BEB639543 /* NewsModuleInput.swift */,
				0068418A294DCAB100271CC8 /* NewsRowViewModel.swift */,
				873AD3D4FFB8076F10030985 /* NewsViewModel.swift */,
			);
			path = ViewModel;
			sourceTree = "<group>";
		};
		547A0DB9D582DEDF15595D02 /* Assembly */ = {
			isa = PBXGroup;
			children = (
				741B09F701396DA22057B424 /* ProfileAssembly.swift */,
			);
			path = Assembly;
			sourceTree = "<group>";
		};
		55D7A6247A1ECCB687B397EC /* ViewModel */ = {
			isa = PBXGroup;
			children = (
				BA02D55DAF06251884391D79 /* AttendanceModuleInput.swift */,
				00684193294F131F00271CC8 /* AttendanceRowViewModel.swift */,
				C79C027FACB409AC0B06482F /* AttendanceViewModel.swift */,
			);
			path = ViewModel;
			sourceTree = "<group>";
		};
		58F98B3885D99D41E86BF70F /* ViewModel */ = {
			isa = PBXGroup;
			children = (
				9F0B6718B1A5AAA377C6A257 /* ProfileModuleInput.swift */,
				317EE05FE64383160D4B5281 /* ProfileViewModel.swift */,
			);
			path = ViewModel;
			sourceTree = "<group>";
		};
		6270A5F89FA743D53C8800D6 /* View */ = {
			isa = PBXGroup;
			children = (
				494BEA04A647C6F55B18AA6B /* ScheduleHostingController.swift */,
				0068419D294F590700271CC8 /* ScheduleRowView.swift */,
				BF3A056BCDA67BD181B4F110 /* ScheduleView.swift */,
			);
			path = View;
			sourceTree = "<group>";
		};
		77E0C31A4277C57AD8653990 /* ViewModel */ = {
			isa = PBXGroup;
			children = (
				C4FA3536A20F6E8D01D35687 /* NotificationsModuleInput.swift */,
				0038679E29503BB8009979FC /* NotificationsRowViewModel.swift */,
				20423FBA960F5A7AB0DBB844 /* NotificationsViewModel.swift */,
			);
			path = ViewModel;
			sourceTree = "<group>";
		};
		89E551831A88CC5A689D2402 /* Assembly */ = {
			isa = PBXGroup;
			children = (
				EB99034ADB58DEA58831F19C /* NewsAssembly.swift */,
			);
			path = Assembly;
			sourceTree = "<group>";
		};
		8F4141F57F2DCDFBED790BCD /* View */ = {
			isa = PBXGroup;
			children = (
				E4E1C325B7DD99EEAD622FF9 /* AttendanceHostingController.swift */,
				00684191294F12F100271CC8 /* AttendanceRowView.swift */,
				DD012FE22A295F1F0A54637C /* AttendanceView.swift */,
			);
			path = View;
			sourceTree = "<group>";
		};
		91E2233D8D409675F66FCC46 /* Schedule */ = {
			isa = PBXGroup;
			children = (
				18CF73764F2178D29031B248 /* Assembly */,
				6270A5F89FA743D53C8800D6 /* View */,
				F5C5EB64C7D70016714D21DB /* ViewModel */,
			);
			path = Schedule;
			sourceTree = "<group>";
		};
		A2C4AA017F2A46ADF657AA98 /* Attendance */ = {
			isa = PBXGroup;
			children = (
				FF2ECFBA194C63B2DF92110E /* Assembly */,
				8F4141F57F2DCDFBED790BCD /* View */,
				55D7A6247A1ECCB687B397EC /* ViewModel */,
			);
			path = Attendance;
			sourceTree = "<group>";
		};
		A4B65B8F091437CDEDF2E5B2 /* View */ = {
			isa = PBXGroup;
			children = (
				2B003EE052170217602F01EB /* NewsHostingController.swift */,
				00684188294DCA8E00271CC8 /* NewsRowView.swift */,
				74C1F47C3FEA37B6F0F6D1D1 /* NewsView.swift */,
			);
			path = View;
			sourceTree = "<group>";
		};
		AACE560328388E889520D1C8 /* Journal */ = {
			isa = PBXGroup;
			children = (
				227EE7A829C5ACC40CB53BA0 /* Assembly */,
				F150A03FFEBE2D9867EE760E /* View */,
				0FBFF1E0327011BFDABC111F /* ViewModel */,
			);
			path = Journal;
			sourceTree = "<group>";
		};
		C25E2BF629461BA800EB46B9 /* Core */ = {
			isa = PBXGroup;
			children = (
				C2856B052946652400B01EF7 /* LocalRepo */,
				C25E2BFF294620EB00EB46B9 /* CoreDTOs */,
				C25E2BFB29461DEB00EB46B9 /* TabBarController.swift */,
			);
			path = Core;
			sourceTree = "<group>";
		};
		C25E2BF729461BB500EB46B9 /* Application */ = {
			isa = PBXGroup;
			children = (
				C2F008E7293DF9FD0009AF1D /* AppDelegate.swift */,
				C2F008E9293DF9FD0009AF1D /* SceneDelegate.swift */,
			);
			path = Application;
			sourceTree = "<group>";
		};
		C25E2BF829461C8400EB46B9 /* Extensions */ = {
			isa = PBXGroup;
			children = (
				C25E2BF929461C9C00EB46B9 /* NavigationView+Extension.swift */,
			);
			path = Extensions;
			sourceTree = "<group>";
		};
		C25E2BFF294620EB00EB46B9 /* CoreDTOs */ = {
			isa = PBXGroup;
			children = (
				C25E2BFD29461F2100EB46B9 /* AppConfigurationInputModel.swift */,
			);
			path = CoreDTOs;
			sourceTree = "<group>";
		};
		C25E2C02294634EF00EB46B9 /* Subviews */ = {
			isa = PBXGroup;
			children = (
				C25E2C0A294639CA00EB46B9 /* SettingsListRow.swift */,
				C21FBC5329465C2D00663614 /* SettingsSwitchRow.swift */,
			);
			path = Subviews;
			sourceTree = "<group>";
		};
		C2856B052946652400B01EF7 /* LocalRepo */ = {
			isa = PBXGroup;
			children = (
				C2856B082946660F00B01EF7 /* UserDefaultNames.swift */,
			);
			path = LocalRepo;
			sourceTree = "<group>";
		};
		C2F008DB293DF9FC0009AF1D = {
			isa = PBXGroup;
			children = (
				C2F008E6293DF9FD0009AF1D /* KBTU WSP */,
				C2F008E5293DF9FD0009AF1D /* Products */,
				1881D676C14D08FD19016B58 /* Pods */,
				242B9EC511B8F3510ADB28BC /* Frameworks */,
			);
			sourceTree = "<group>";
		};
		C2F008E5293DF9FD0009AF1D /* Products */ = {
			isa = PBXGroup;
			children = (
				C2F008E4293DF9FD0009AF1D /* KBTU WSP.app */,
			);
			name = Products;
			sourceTree = "<group>";
		};
		C2F008E6293DF9FD0009AF1D /* KBTU WSP */ = {
			isa = PBXGroup;
			children = (
				C25E2BF729461BB500EB46B9 /* Application */,
				C25E2BF629461BA800EB46B9 /* Core */,
				00684195294F3E7900271CC8 /* Models */,
				C2F008FB293DFC6A0009AF1D /* Modules */,
				C25E2BF829461C8400EB46B9 /* Extensions */,
				C2F008F0293DFA000009AF1D /* Assets.xcassets */,
				C2F008F5293DFA000009AF1D /* Info.plist */,
			);
			path = "KBTU WSP";
			sourceTree = "<group>";
		};
		C2F008FB293DFC6A0009AF1D /* Modules */ = {
			isa = PBXGroup;
			children = (
				A2C4AA017F2A46ADF657AA98 /* Attendance */,
				AACE560328388E889520D1C8 /* Journal */,
				152F937994DE0004CB227FFD /* News */,
				F6C689E59E629D3ACBF361AA /* Notifications */,
				ECD025F76026855E936668C9 /* Profile */,
				91E2233D8D409675F66FCC46 /* Schedule */,
			);
			path = Modules;
			sourceTree = "<group>";
		};
		D7A6B784BE5E3E71E2D2C4D5 /* View */ = {
			isa = PBXGroup;
			children = (
				7E1D16635AA98C05C5347C2C /* NotificationsHostingController.swift */,
				0038679B29503BA6009979FC /* NotificationsRowView.swift */,
				C805EC31C4BE208211B4D349 /* NotificationsView.swift */,
			);
			path = View;
			sourceTree = "<group>";
		};
		ECD025F76026855E936668C9 /* Profile */ = {
			isa = PBXGroup;
			children = (
				547A0DB9D582DEDF15595D02 /* Assembly */,
				0A573CF0E732C43C7547D190 /* View */,
				58F98B3885D99D41E86BF70F /* ViewModel */,
			);
			path = Profile;
			sourceTree = "<group>";
		};
		F150A03FFEBE2D9867EE760E /* View */ = {
			isa = PBXGroup;
			children = (
				645FD24AF65744AFE3C0FF58 /* JournalHostingController.swift */,
				00684196294F3F8400271CC8 /* JournalRowView.swift */,
				FC1A785E2E5FF12F0D941055 /* JournalView.swift */,
			);
			path = View;
			sourceTree = "<group>";
		};
		F5C5EB64C7D70016714D21DB /* ViewModel */ = {
			isa = PBXGroup;
			children = (
				8967556E321EC766E75F57B4 /* ScheduleModuleInput.swift */,
				D0D317FB62D3B669BA36CB61 /* ScheduleViewModel.swift */,
				006841A1294F592700271CC8 /* ScheduleRowViewModel.swift */,
			);
			path = ViewModel;
			sourceTree = "<group>";
		};
		F6C689E59E629D3ACBF361AA /* Notifications */ = {
			isa = PBXGroup;
			children = (
				D7A6B784BE5E3E71E2D2C4D5 /* View */,
				77E0C31A4277C57AD8653990 /* ViewModel */,
				4D198184088034F57AF79A74 /* Assembly */,
			);
			path = Notifications;
			sourceTree = "<group>";
		};
		FF2ECFBA194C63B2DF92110E /* Assembly */ = {
			isa = PBXGroup;
			children = (
				077F8CF23AC4AE9B3AE962BA /* AttendanceAssembly.swift */,
			);
			path = Assembly;
			sourceTree = "<group>";
		};
/* End PBXGroup section */

/* Begin PBXNativeTarget section */
		C2F008E3293DF9FD0009AF1D /* KBTU WSP */ = {
			isa = PBXNativeTarget;
			buildConfigurationList = C2F008F8293DFA000009AF1D /* Build configuration list for PBXNativeTarget "KBTU WSP" */;
			buildPhases = (
				6EC9FD754E3103C6CAFE37B6 /* [CP] Check Pods Manifest.lock */,
				C2F008E0293DF9FD0009AF1D /* Sources */,
				C2F008E1293DF9FD0009AF1D /* Frameworks */,
				C2F008E2293DF9FD0009AF1D /* Resources */,
				3414549A97889495A9E95406 /* [CP] Embed Pods Frameworks */,
			);
			buildRules = (
			);
			dependencies = (
			);
			name = "KBTU WSP";
			productName = "KBTU WSP";
			productReference = C2F008E4293DF9FD0009AF1D /* KBTU WSP.app */;
			productType = "com.apple.product-type.application";
		};
/* End PBXNativeTarget section */

/* Begin PBXProject section */
		C2F008DC293DF9FC0009AF1D /* Project object */ = {
			isa = PBXProject;
			attributes = {
				BuildIndependentTargetsInParallel = 1;
				LastSwiftUpdateCheck = 1400;
				LastUpgradeCheck = 1400;
				TargetAttributes = {
					C2F008E3293DF9FD0009AF1D = {
						CreatedOnToolsVersion = 14.0.1;
					};
				};
			};
			buildConfigurationList = C2F008DF293DF9FC0009AF1D /* Build configuration list for PBXProject "KBTU WSP" */;
			compatibilityVersion = "Xcode 14.0";
			developmentRegion = en;
			hasScannedForEncodings = 0;
			knownRegions = (
				en,
				Base,
			);
			mainGroup = C2F008DB293DF9FC0009AF1D;
			productRefGroup = C2F008E5293DF9FD0009AF1D /* Products */;
			projectDirPath = "";
			projectRoot = "";
			targets = (
				C2F008E3293DF9FD0009AF1D /* KBTU WSP */,
			);
		};
/* End PBXProject section */

/* Begin PBXResourcesBuildPhase section */
		C2F008E2293DF9FD0009AF1D /* Resources */ = {
			isa = PBXResourcesBuildPhase;
			buildActionMask = 2147483647;
			files = (
				C2F008F1293DFA000009AF1D /* Assets.xcassets in Resources */,
			);
			runOnlyForDeploymentPostprocessing = 0;
		};
/* End PBXResourcesBuildPhase section */

/* Begin PBXShellScriptBuildPhase section */
		3414549A97889495A9E95406 /* [CP] Embed Pods Frameworks */ = {
			isa = PBXShellScriptBuildPhase;
			buildActionMask = 2147483647;
			files = (
			);
			inputFileListPaths = (
				"${PODS_ROOT}/Target Support Files/Pods-KBTU WSP/Pods-KBTU WSP-frameworks-${CONFIGURATION}-input-files.xcfilelist",
			);
			name = "[CP] Embed Pods Frameworks";
			outputFileListPaths = (
				"${PODS_ROOT}/Target Support Files/Pods-KBTU WSP/Pods-KBTU WSP-frameworks-${CONFIGURATION}-output-files.xcfilelist",
			);
			runOnlyForDeploymentPostprocessing = 0;
			shellPath = /bin/sh;
			shellScript = "\"${PODS_ROOT}/Target Support Files/Pods-KBTU WSP/Pods-KBTU WSP-frameworks.sh\"\n";
			showEnvVarsInLog = 0;
		};
		6EC9FD754E3103C6CAFE37B6 /* [CP] Check Pods Manifest.lock */ = {
			isa = PBXShellScriptBuildPhase;
			buildActionMask = 2147483647;
			files = (
			);
			inputFileListPaths = (
			);
			inputPaths = (
				"${PODS_PODFILE_DIR_PATH}/Podfile.lock",
				"${PODS_ROOT}/Manifest.lock",
			);
			name = "[CP] Check Pods Manifest.lock";
			outputFileListPaths = (
			);
			outputPaths = (
				"$(DERIVED_FILE_DIR)/Pods-KBTU WSP-checkManifestLockResult.txt",
			);
			runOnlyForDeploymentPostprocessing = 0;
			shellPath = /bin/sh;
			shellScript = "diff \"${PODS_PODFILE_DIR_PATH}/Podfile.lock\" \"${PODS_ROOT}/Manifest.lock\" > /dev/null\nif [ $? != 0 ] ; then\n    # print error to STDERR\n    echo \"error: The sandbox is not in sync with the Podfile.lock. Run 'pod install' or update your CocoaPods installation.\" >&2\n    exit 1\nfi\n# This output is used by Xcode 'outputs' to avoid re-running this script phase.\necho \"SUCCESS\" > \"${SCRIPT_OUTPUT_FILE_0}\"\n";
			showEnvVarsInLog = 0;
		};
/* End PBXShellScriptBuildPhase section */

/* Begin PBXSourcesBuildPhase section */
		C2F008E0293DF9FD0009AF1D /* Sources */ = {
			isa = PBXSourcesBuildPhase;
			buildActionMask = 2147483647;
			files = (
				0038679F29503BB8009979FC /* NotificationsRowViewModel.swift in Sources */,
				00684190294F123600271CC8 /* Attendance.swift in Sources */,
				C2F008E8293DF9FD0009AF1D /* AppDelegate.swift in Sources */,
				00684194294F131F00271CC8 /* AttendanceRowViewModel.swift in Sources */,
				C2F008EA293DF9FD0009AF1D /* SceneDelegate.swift in Sources */,
				0068419E294F590700271CC8 /* ScheduleRowView.swift in Sources */,
				F4805F7DDD4CAE4035AF57E0 /* NewsView.swift in Sources */,
				412C908DF2668A24D47CD1EE /* NewsHostingController.swift in Sources */,
				006841A2294F592700271CC8 /* ScheduleRowViewModel.swift in Sources */,
				F5DAC5B50ED77C901A646971 /* NewsModuleInput.swift in Sources */,
				F096E2612D9D4132512255D0 /* NewsViewModel.swift in Sources */,
				20EC917E069A0C8738B3DAFB /* NewsAssembly.swift in Sources */,
				A8E6307E89D43B8FAC3B2EA2 /* ProfileView.swift in Sources */,
				C832092BADBA993EA720A9A8 /* ProfileHostingController.swift in Sources */,
				61647403601518CA8918CEF5 /* ProfileModuleInput.swift in Sources */,
				00684189294DCA8E00271CC8 /* NewsRowView.swift in Sources */,
				C2856B092946660F00B01EF7 /* UserDefaultNames.swift in Sources */,
				0068419B294F400200271CC8 /* Journal.swift in Sources */,
				C25E2BFE29461F2100EB46B9 /* AppConfigurationInputModel.swift in Sources */,
				C25E2BFA29461C9C00EB46B9 /* NavigationView+Extension.swift in Sources */,
				0038679C29503BA6009979FC /* NotificationsRowView.swift in Sources */,
				C25E2BFC29461DEB00EB46B9 /* TabBarController.swift in Sources */,
				C21FBC5429465C2D00663614 /* SettingsSwitchRow.swift in Sources */,
				C25E2C0B294639CA00EB46B9 /* SettingsListRow.swift in Sources */,
				9A7199847A6CD5538EAD07C0 /* ProfileViewModel.swift in Sources */,
				34D86D121370360E7F2DB132 /* ProfileAssembly.swift in Sources */,
				00684199294F3FCC00271CC8 /* JournalRowViewModel.swift in Sources */,
				AE981A226917BCB18977E7DA /* AttendanceView.swift in Sources */,
				47F67045F024B1C674E3771B /* AttendanceHostingController.swift in Sources */,
				0008C0E12952010600766998 /* StudentProfile.swift in Sources */,
				10FFF44817589D2BDC37EC2C /* AttendanceModuleInput.swift in Sources */,
				B294808B8769AA6C67E3F990 /* AttendanceViewModel.swift in Sources */,
				01F706D4FAD9AC11BF109F3F /* AttendanceAssembly.swift in Sources */,
				1570E04E104C277D6721B161 /* JournalView.swift in Sources */,
				30F4E9B3698F2EAD907FD6F1 /* JournalHostingController.swift in Sources */,
				C49C01F025566D988C731631 /* JournalModuleInput.swift in Sources */,
				0DB8EB2C7DABB11663E96B99 /* JournalViewModel.swift in Sources */,
				F9384605C52ED426942609BC /* JournalAssembly.swift in Sources */,
				00684192294F12F100271CC8 /* AttendanceRowView.swift in Sources */,
				006841A4294F594100271CC8 /* Schedule.swift in Sources */,
				203DC670B170C58CC06D9B00 /* ScheduleView.swift in Sources */,
				0068418D294DCAF000271CC8 /* News.swift in Sources */,
				0068418B294DCAB100271CC8 /* NewsRowViewModel.swift in Sources */,
				00684197294F3F8400271CC8 /* JournalRowView.swift in Sources */,
				003867A129503BC4009979FC /* Notification.swift in Sources */,
				79F25870E696FDDD14FF2E59 /* ScheduleHostingController.swift in Sources */,
				211D87AEFE2AB4438705486D /* ScheduleModuleInput.swift in Sources */,
				EB2EF02F8F00D8D57E3CC3DE /* ScheduleViewModel.swift in Sources */,
				88C49F1C68E46AA53CAB5063 /* ScheduleAssembly.swift in Sources */,
				A424D375578329D73CCF19E4 /* NotificationsView.swift in Sources */,
				F0063736B2DB62CF1B7ACB4E /* NotificationsHostingController.swift in Sources */,
				B78809B2B14220296DF6013E /* NotificationsModuleInput.swift in Sources */,
				5C678CE87012D95CBAFCE270 /* NotificationsViewModel.swift in Sources */,
				A00EE2E36EBD676E85C866EE /* NotificationsAssembly.swift in Sources */,
			);
			runOnlyForDeploymentPostprocessing = 0;
		};
/* End PBXSourcesBuildPhase section */

/* Begin XCBuildConfiguration section */
		C2F008F6293DFA000009AF1D /* Debug */ = {
			isa = XCBuildConfiguration;
			buildSettings = {
				ALWAYS_SEARCH_USER_PATHS = NO;
				CLANG_ANALYZER_NONNULL = YES;
				CLANG_ANALYZER_NUMBER_OBJECT_CONVERSION = YES_AGGRESSIVE;
				CLANG_CXX_LANGUAGE_STANDARD = "gnu++20";
				CLANG_ENABLE_MODULES = YES;
				CLANG_ENABLE_OBJC_ARC = YES;
				CLANG_ENABLE_OBJC_WEAK = YES;
				CLANG_WARN_BLOCK_CAPTURE_AUTORELEASING = YES;
				CLANG_WARN_BOOL_CONVERSION = YES;
				CLANG_WARN_COMMA = YES;
				CLANG_WARN_CONSTANT_CONVERSION = YES;
				CLANG_WARN_DEPRECATED_OBJC_IMPLEMENTATIONS = YES;
				CLANG_WARN_DIRECT_OBJC_ISA_USAGE = YES_ERROR;
				CLANG_WARN_DOCUMENTATION_COMMENTS = YES;
				CLANG_WARN_EMPTY_BODY = YES;
				CLANG_WARN_ENUM_CONVERSION = YES;
				CLANG_WARN_INFINITE_RECURSION = YES;
				CLANG_WARN_INT_CONVERSION = YES;
				CLANG_WARN_NON_LITERAL_NULL_CONVERSION = YES;
				CLANG_WARN_OBJC_IMPLICIT_RETAIN_SELF = YES;
				CLANG_WARN_OBJC_LITERAL_CONVERSION = YES;
				CLANG_WARN_OBJC_ROOT_CLASS = YES_ERROR;
				CLANG_WARN_QUOTED_INCLUDE_IN_FRAMEWORK_HEADER = YES;
				CLANG_WARN_RANGE_LOOP_ANALYSIS = YES;
				CLANG_WARN_STRICT_PROTOTYPES = YES;
				CLANG_WARN_SUSPICIOUS_MOVE = YES;
				CLANG_WARN_UNGUARDED_AVAILABILITY = YES_AGGRESSIVE;
				CLANG_WARN_UNREACHABLE_CODE = YES;
				CLANG_WARN__DUPLICATE_METHOD_MATCH = YES;
				COPY_PHASE_STRIP = NO;
				DEBUG_INFORMATION_FORMAT = dwarf;
				ENABLE_STRICT_OBJC_MSGSEND = YES;
				ENABLE_TESTABILITY = YES;
				GCC_C_LANGUAGE_STANDARD = gnu11;
				GCC_DYNAMIC_NO_PIC = NO;
				GCC_NO_COMMON_BLOCKS = YES;
				GCC_OPTIMIZATION_LEVEL = 0;
				GCC_PREPROCESSOR_DEFINITIONS = (
					"DEBUG=1",
					"$(inherited)",
				);
				GCC_WARN_64_TO_32_BIT_CONVERSION = YES;
				GCC_WARN_ABOUT_RETURN_TYPE = YES_ERROR;
				GCC_WARN_UNDECLARED_SELECTOR = YES;
				GCC_WARN_UNINITIALIZED_AUTOS = YES_AGGRESSIVE;
				GCC_WARN_UNUSED_FUNCTION = YES;
				GCC_WARN_UNUSED_VARIABLE = YES;
				IPHONEOS_DEPLOYMENT_TARGET = 16.0;
				MTL_ENABLE_DEBUG_INFO = INCLUDE_SOURCE;
				MTL_FAST_MATH = YES;
				ONLY_ACTIVE_ARCH = YES;
				SDKROOT = iphoneos;
				SWIFT_ACTIVE_COMPILATION_CONDITIONS = DEBUG;
				SWIFT_OPTIMIZATION_LEVEL = "-Onone";
			};
			name = Debug;
		};
		C2F008F7293DFA000009AF1D /* Release */ = {
			isa = XCBuildConfiguration;
			buildSettings = {
				ALWAYS_SEARCH_USER_PATHS = NO;
				CLANG_ANALYZER_NONNULL = YES;
				CLANG_ANALYZER_NUMBER_OBJECT_CONVERSION = YES_AGGRESSIVE;
				CLANG_CXX_LANGUAGE_STANDARD = "gnu++20";
				CLANG_ENABLE_MODULES = YES;
				CLANG_ENABLE_OBJC_ARC = YES;
				CLANG_ENABLE_OBJC_WEAK = YES;
				CLANG_WARN_BLOCK_CAPTURE_AUTORELEASING = YES;
				CLANG_WARN_BOOL_CONVERSION = YES;
				CLANG_WARN_COMMA = YES;
				CLANG_WARN_CONSTANT_CONVERSION = YES;
				CLANG_WARN_DEPRECATED_OBJC_IMPLEMENTATIONS = YES;
				CLANG_WARN_DIRECT_OBJC_ISA_USAGE = YES_ERROR;
				CLANG_WARN_DOCUMENTATION_COMMENTS = YES;
				CLANG_WARN_EMPTY_BODY = YES;
				CLANG_WARN_ENUM_CONVERSION = YES;
				CLANG_WARN_INFINITE_RECURSION = YES;
				CLANG_WARN_INT_CONVERSION = YES;
				CLANG_WARN_NON_LITERAL_NULL_CONVERSION = YES;
				CLANG_WARN_OBJC_IMPLICIT_RETAIN_SELF = YES;
				CLANG_WARN_OBJC_LITERAL_CONVERSION = YES;
				CLANG_WARN_OBJC_ROOT_CLASS = YES_ERROR;
				CLANG_WARN_QUOTED_INCLUDE_IN_FRAMEWORK_HEADER = YES;
				CLANG_WARN_RANGE_LOOP_ANALYSIS = YES;
				CLANG_WARN_STRICT_PROTOTYPES = YES;
				CLANG_WARN_SUSPICIOUS_MOVE = YES;
				CLANG_WARN_UNGUARDED_AVAILABILITY = YES_AGGRESSIVE;
				CLANG_WARN_UNREACHABLE_CODE = YES;
				CLANG_WARN__DUPLICATE_METHOD_MATCH = YES;
				COPY_PHASE_STRIP = NO;
				DEBUG_INFORMATION_FORMAT = "dwarf-with-dsym";
				ENABLE_NS_ASSERTIONS = NO;
				ENABLE_STRICT_OBJC_MSGSEND = YES;
				GCC_C_LANGUAGE_STANDARD = gnu11;
				GCC_NO_COMMON_BLOCKS = YES;
				GCC_WARN_64_TO_32_BIT_CONVERSION = YES;
				GCC_WARN_ABOUT_RETURN_TYPE = YES_ERROR;
				GCC_WARN_UNDECLARED_SELECTOR = YES;
				GCC_WARN_UNINITIALIZED_AUTOS = YES_AGGRESSIVE;
				GCC_WARN_UNUSED_FUNCTION = YES;
				GCC_WARN_UNUSED_VARIABLE = YES;
				IPHONEOS_DEPLOYMENT_TARGET = 16.0;
				MTL_ENABLE_DEBUG_INFO = NO;
				MTL_FAST_MATH = YES;
				SDKROOT = iphoneos;
				SWIFT_COMPILATION_MODE = wholemodule;
				SWIFT_OPTIMIZATION_LEVEL = "-O";
				VALIDATE_PRODUCT = YES;
			};
			name = Release;
		};
		C2F008F9293DFA000009AF1D /* Debug */ = {
			isa = XCBuildConfiguration;
			baseConfigurationReference = B2CA412AC221F364A3C2EB58 /* Pods-KBTU WSP.debug.xcconfig */;
			buildSettings = {
				ASSETCATALOG_COMPILER_APPICON_NAME = AppIcon;
				ASSETCATALOG_COMPILER_GLOBAL_ACCENT_COLOR_NAME = AccentColor;
				CODE_SIGN_STYLE = Automatic;
				CURRENT_PROJECT_VERSION = 1;
				DEVELOPMENT_TEAM = GC89CV545Z;
				GENERATE_INFOPLIST_FILE = YES;
				INFOPLIST_FILE = "KBTU WSP/Info.plist";
				INFOPLIST_KEY_CFBundleDisplayName = "KBTU WSP";
				INFOPLIST_KEY_LSApplicationCategoryType = "public.app-category.education";
				INFOPLIST_KEY_UIApplicationSupportsIndirectInputEvents = YES;
				INFOPLIST_KEY_UILaunchStoryboardName = "";
				INFOPLIST_KEY_UISupportedInterfaceOrientations = UIInterfaceOrientationPortrait;
				INFOPLIST_KEY_UISupportedInterfaceOrientations_iPad = "UIInterfaceOrientationPortrait UIInterfaceOrientationPortraitUpsideDown";
				IPHONEOS_DEPLOYMENT_TARGET = 16.0;
				LD_RUNPATH_SEARCH_PATHS = (
					"$(inherited)",
					"@executable_path/Frameworks",
				);
				MARKETING_VERSION = 1.0;
				PRODUCT_BUNDLE_IDENTIFIER = "kz.kbtu.KBTU-WSP";
				PRODUCT_NAME = "$(TARGET_NAME)";
				SUPPORTED_PLATFORMS = "iphoneos iphonesimulator";
				SUPPORTS_MACCATALYST = NO;
				SUPPORTS_MAC_DESIGNED_FOR_IPHONE_IPAD = YES;
				SWIFT_EMIT_LOC_STRINGS = YES;
				SWIFT_VERSION = 5.0;
				TARGETED_DEVICE_FAMILY = 1;
			};
			name = Debug;
		};
		C2F008FA293DFA000009AF1D /* Release */ = {
			isa = XCBuildConfiguration;
			baseConfigurationReference = D924D1490B2F9F36C26B5ED5 /* Pods-KBTU WSP.release.xcconfig */;
			buildSettings = {
				ASSETCATALOG_COMPILER_APPICON_NAME = AppIcon;
				ASSETCATALOG_COMPILER_GLOBAL_ACCENT_COLOR_NAME = AccentColor;
				CODE_SIGN_STYLE = Automatic;
				CURRENT_PROJECT_VERSION = 1;
				DEVELOPMENT_TEAM = GC89CV545Z;
				GENERATE_INFOPLIST_FILE = YES;
				INFOPLIST_FILE = "KBTU WSP/Info.plist";
				INFOPLIST_KEY_CFBundleDisplayName = "KBTU WSP";
				INFOPLIST_KEY_LSApplicationCategoryType = "public.app-category.education";
				INFOPLIST_KEY_UIApplicationSupportsIndirectInputEvents = YES;
				INFOPLIST_KEY_UILaunchStoryboardName = "";
				INFOPLIST_KEY_UISupportedInterfaceOrientations = UIInterfaceOrientationPortrait;
				INFOPLIST_KEY_UISupportedInterfaceOrientations_iPad = "UIInterfaceOrientationPortrait UIInterfaceOrientationPortraitUpsideDown";
				IPHONEOS_DEPLOYMENT_TARGET = 16.0;
				LD_RUNPATH_SEARCH_PATHS = (
					"$(inherited)",
					"@executable_path/Frameworks",
				);
				MARKETING_VERSION = 1.0;
				PRODUCT_BUNDLE_IDENTIFIER = "kz.kbtu.KBTU-WSP";
				PRODUCT_NAME = "$(TARGET_NAME)";
				SUPPORTED_PLATFORMS = "iphoneos iphonesimulator";
				SUPPORTS_MACCATALYST = NO;
				SUPPORTS_MAC_DESIGNED_FOR_IPHONE_IPAD = YES;
				SWIFT_EMIT_LOC_STRINGS = YES;
				SWIFT_VERSION = 5.0;
				TARGETED_DEVICE_FAMILY = 1;
			};
			name = Release;
		};
/* End XCBuildConfiguration section */

/* Begin XCConfigurationList section */
		C2F008DF293DF9FC0009AF1D /* Build configuration list for PBXProject "KBTU WSP" */ = {
			isa = XCConfigurationList;
			buildConfigurations = (
				C2F008F6293DFA000009AF1D /* Debug */,
				C2F008F7293DFA000009AF1D /* Release */,
			);
			defaultConfigurationIsVisible = 0;
			defaultConfigurationName = Release;
		};
		C2F008F8293DFA000009AF1D /* Build configuration list for PBXNativeTarget "KBTU WSP" */ = {
			isa = XCConfigurationList;
			buildConfigurations = (
				C2F008F9293DFA000009AF1D /* Debug */,
				C2F008FA293DFA000009AF1D /* Release */,
			);
			defaultConfigurationIsVisible = 0;
			defaultConfigurationName = Release;
		};
/* End XCConfigurationList section */
	};
	rootObject = C2F008DC293DF9FC0009AF1D /* Project object */;
}
